// !$*UTF8*$!
{
	archiveVersion = 1;
	classes = {
	};
	objectVersion = 56;
	objects = {

/* Begin PBXBuildFile section */
		E7101AC929FB6D6E001909DC /* SapphireApp.swift in Sources */ = {isa = PBXBuildFile; fileRef = E7101AC829FB6D6E001909DC /* SapphireApp.swift */; };
		E7101ACB29FB6D6E001909DC /* ContentView.swift in Sources */ = {isa = PBXBuildFile; fileRef = E7101ACA29FB6D6E001909DC /* ContentView.swift */; };
		E7101ACD29FB6D6F001909DC /* Assets.xcassets in Resources */ = {isa = PBXBuildFile; fileRef = E7101ACC29FB6D6F001909DC /* Assets.xcassets */; };
		E7101AD029FB6D6F001909DC /* Preview Assets.xcassets in Resources */ = {isa = PBXBuildFile; fileRef = E7101ACF29FB6D6F001909DC /* Preview Assets.xcassets */; };
		E7101ADA29FB6D6F001909DC /* SapphireTests.swift in Sources */ = {isa = PBXBuildFile; fileRef = E7101AD929FB6D6F001909DC /* SapphireTests.swift */; };
		E7101AE429FB6D6F001909DC /* SapphireUITests.swift in Sources */ = {isa = PBXBuildFile; fileRef = E7101AE329FB6D6F001909DC /* SapphireUITests.swift */; };
		E7101AE629FB6D6F001909DC /* SapphireUITestsLaunchTests.swift in Sources */ = {isa = PBXBuildFile; fileRef = E7101AE529FB6D6F001909DC /* SapphireUITestsLaunchTests.swift */; };
		E7101AF329FB6DBC001909DC /* Sapphire.swift in Sources */ = {isa = PBXBuildFile; fileRef = E7101AF229FB6DBC001909DC /* Sapphire.swift */; };
		E7101AF529FB6DE0001909DC /* ViewModel.swift in Sources */ = {isa = PBXBuildFile; fileRef = E7101AF429FB6DE0001909DC /* ViewModel.swift */; };
		E7101AF729FCD3EA001909DC /* Tokenization.swift in Sources */ = {isa = PBXBuildFile; fileRef = E7101AF629FCD3EA001909DC /* Tokenization.swift */; };
		E7101AFD29FF4B10001909DC /* TFIDF.swift in Sources */ = {isa = PBXBuildFile; fileRef = E7101AFC29FF4B10001909DC /* TFIDF.swift */; };
		E7101AFF29FF4EAF001909DC /* Stopwords.swift in Sources */ = {isa = PBXBuildFile; fileRef = E7101AFE29FF4EAF001909DC /* Stopwords.swift */; };
		E72E07122A05D0C90087D2E4 /* FinalScoreEvaluation.swift in Sources */ = {isa = PBXBuildFile; fileRef = E72E07112A05D0C90087D2E4 /* FinalScoreEvaluation.swift */; };
		E7A945732A01FD7500A37828 /* KeyWordAssessor.swift in Sources */ = {isa = PBXBuildFile; fileRef = E7A945722A01FD7500A37828 /* KeyWordAssessor.swift */; };
/* End PBXBuildFile section */

/* Begin PBXContainerItemProxy section */
		E7101AD629FB6D6F001909DC /* PBXContainerItemProxy */ = {
			isa = PBXContainerItemProxy;
			containerPortal = E7101ABD29FB6D6E001909DC /* Project object */;
			proxyType = 1;
			remoteGlobalIDString = E7101AC429FB6D6E001909DC;
			remoteInfo = Sapphire;
		};
		E7101AE029FB6D6F001909DC /* PBXContainerItemProxy */ = {
			isa = PBXContainerItemProxy;
			containerPortal = E7101ABD29FB6D6E001909DC /* Project object */;
			proxyType = 1;
			remoteGlobalIDString = E7101AC429FB6D6E001909DC;
			remoteInfo = Sapphire;
		};
/* End PBXContainerItemProxy section */

/* Begin PBXFileReference section */
		E7101AC529FB6D6E001909DC /* Sapphire.app */ = {isa = PBXFileReference; explicitFileType = wrapper.application; includeInIndex = 0; path = Sapphire.app; sourceTree = BUILT_PRODUCTS_DIR; };
		E7101AC829FB6D6E001909DC /* SapphireApp.swift */ = {isa = PBXFileReference; lastKnownFileType = sourcecode.swift; path = SapphireApp.swift; sourceTree = "<group>"; };
		E7101ACA29FB6D6E001909DC /* ContentView.swift */ = {isa = PBXFileReference; lastKnownFileType = sourcecode.swift; path = ContentView.swift; sourceTree = "<group>"; };
		E7101ACC29FB6D6F001909DC /* Assets.xcassets */ = {isa = PBXFileReference; lastKnownFileType = folder.assetcatalog; path = Assets.xcassets; sourceTree = "<group>"; };
		E7101ACF29FB6D6F001909DC /* Preview Assets.xcassets */ = {isa = PBXFileReference; lastKnownFileType = folder.assetcatalog; path = "Preview Assets.xcassets"; sourceTree = "<group>"; };
		E7101AD529FB6D6F001909DC /* SapphireTests.xctest */ = {isa = PBXFileReference; explicitFileType = wrapper.cfbundle; includeInIndex = 0; path = SapphireTests.xctest; sourceTree = BUILT_PRODUCTS_DIR; };
		E7101AD929FB6D6F001909DC /* SapphireTests.swift */ = {isa = PBXFileReference; lastKnownFileType = sourcecode.swift; path = SapphireTests.swift; sourceTree = "<group>"; };
		E7101ADF29FB6D6F001909DC /* SapphireUITests.xctest */ = {isa = PBXFileReference; explicitFileType = wrapper.cfbundle; includeInIndex = 0; path = SapphireUITests.xctest; sourceTree = BUILT_PRODUCTS_DIR; };
		E7101AE329FB6D6F001909DC /* SapphireUITests.swift */ = {isa = PBXFileReference; lastKnownFileType = sourcecode.swift; path = SapphireUITests.swift; sourceTree = "<group>"; };
		E7101AE529FB6D6F001909DC /* SapphireUITestsLaunchTests.swift */ = {isa = PBXFileReference; lastKnownFileType = sourcecode.swift; path = SapphireUITestsLaunchTests.swift; sourceTree = "<group>"; };
		E7101AF229FB6DBC001909DC /* Sapphire.swift */ = {isa = PBXFileReference; lastKnownFileType = sourcecode.swift; path = Sapphire.swift; sourceTree = "<group>"; };
		E7101AF429FB6DE0001909DC /* ViewModel.swift */ = {isa = PBXFileReference; lastKnownFileType = sourcecode.swift; path = ViewModel.swift; sourceTree = "<group>"; };
		E7101AF629FCD3EA001909DC /* Tokenization.swift */ = {isa = PBXFileReference; lastKnownFileType = sourcecode.swift; path = Tokenization.swift; sourceTree = "<group>"; };
		E7101AFC29FF4B10001909DC /* TFIDF.swift */ = {isa = PBXFileReference; lastKnownFileType = sourcecode.swift; path = TFIDF.swift; sourceTree = "<group>"; };
		E7101AFE29FF4EAF001909DC /* Stopwords.swift */ = {isa = PBXFileReference; lastKnownFileType = sourcecode.swift; path = Stopwords.swift; sourceTree = "<group>"; };
		E72E07112A05D0C90087D2E4 /* FinalScoreEvaluation.swift */ = {isa = PBXFileReference; lastKnownFileType = sourcecode.swift; path = FinalScoreEvaluation.swift; sourceTree = "<group>"; };
		E7A945722A01FD7500A37828 /* KeyWordAssessor.swift */ = {isa = PBXFileReference; lastKnownFileType = sourcecode.swift; path = KeyWordAssessor.swift; sourceTree = "<group>"; };
/* End PBXFileReference section */

/* Begin PBXFrameworksBuildPhase section */
		E7101AC229FB6D6E001909DC /* Frameworks */ = {
			isa = PBXFrameworksBuildPhase;
			buildActionMask = 2147483647;
			files = (
			);
			runOnlyForDeploymentPostprocessing = 0;
		};
		E7101AD229FB6D6F001909DC /* Frameworks */ = {
			isa = PBXFrameworksBuildPhase;
			buildActionMask = 2147483647;
			files = (
			);
			runOnlyForDeploymentPostprocessing = 0;
		};
		E7101ADC29FB6D6F001909DC /* Frameworks */ = {
			isa = PBXFrameworksBuildPhase;
			buildActionMask = 2147483647;
			files = (
			);
			runOnlyForDeploymentPostprocessing = 0;
		};
/* End PBXFrameworksBuildPhase section */

/* Begin PBXGroup section */
		E7101ABC29FB6D6E001909DC = {
			isa = PBXGroup;
			children = (
				E7101AC729FB6D6E001909DC /* Sapphire */,
				E7101AD829FB6D6F001909DC /* SapphireTests */,
				E7101AE229FB6D6F001909DC /* SapphireUITests */,
				E7101AC629FB6D6E001909DC /* Products */,
			);
			sourceTree = "<group>";
		};
		E7101AC629FB6D6E001909DC /* Products */ = {
			isa = PBXGroup;
			children = (
				E7101AC529FB6D6E001909DC /* Sapphire.app */,
				E7101AD529FB6D6F001909DC /* SapphireTests.xctest */,
				E7101ADF29FB6D6F001909DC /* SapphireUITests.xctest */,
			);
			name = Products;
			sourceTree = "<group>";
		};
		E7101AC729FB6D6E001909DC /* Sapphire */ = {
			isa = PBXGroup;
			children = (
				E72E070E2A05CF460087D2E4 /* FinalScoreEvaluation */,
				E7A945712A01FD4700A37828 /* KeyWordEvaluation */,
				E7101AFB29FF4AEE001909DC /* TFIDFEvaluation */,
				E7101AFA29FCD507001909DC /* Transcription */,
				E7101AC829FB6D6E001909DC /* SapphireApp.swift */,
				E7101ACA29FB6D6E001909DC /* ContentView.swift */,
				E7101AF429FB6DE0001909DC /* ViewModel.swift */,
				E7101AF829FCD4B5001909DC /* Tokenization */,
				E7101ACC29FB6D6F001909DC /* Assets.xcassets */,
				E7101ACE29FB6D6F001909DC /* Preview Content */,
				E7101AFE29FF4EAF001909DC /* Stopwords.swift */,
			);
			path = Sapphire;
			sourceTree = "<group>";
		};
		E7101ACE29FB6D6F001909DC /* Preview Content */ = {
			isa = PBXGroup;
			children = (
				E7101ACF29FB6D6F001909DC /* Preview Assets.xcassets */,
			);
			path = "Preview Content";
			sourceTree = "<group>";
		};
		E7101AD829FB6D6F001909DC /* SapphireTests */ = {
			isa = PBXGroup;
			children = (
				E7101AD929FB6D6F001909DC /* SapphireTests.swift */,
			);
			path = SapphireTests;
			sourceTree = "<group>";
		};
		E7101AE229FB6D6F001909DC /* SapphireUITests */ = {
			isa = PBXGroup;
			children = (
				E7101AE329FB6D6F001909DC /* SapphireUITests.swift */,
				E7101AE529FB6D6F001909DC /* SapphireUITestsLaunchTests.swift */,
			);
			path = SapphireUITests;
			sourceTree = "<group>";
		};
		E7101AF829FCD4B5001909DC /* Tokenization */ = {
			isa = PBXGroup;
			children = (
				E7101AF629FCD3EA001909DC /* Tokenization.swift */,
			);
			path = Tokenization;
			sourceTree = "<group>";
		};
		E7101AFA29FCD507001909DC /* Transcription */ = {
			isa = PBXGroup;
			children = (
				E7101AF229FB6DBC001909DC /* Sapphire.swift */,
			);
			path = Transcription;
			sourceTree = "<group>";
		};
		E7101AFB29FF4AEE001909DC /* TFIDFEvaluation */ = {
			isa = PBXGroup;
			children = (
				E7101AFC29FF4B10001909DC /* TFIDF.swift */,
			);
			path = TFIDFEvaluation;
			sourceTree = "<group>";
		};
		E72E070E2A05CF460087D2E4 /* FinalScoreEvaluation */ = {
			isa = PBXGroup;
			children = (
				E72E07112A05D0C90087D2E4 /* FinalScoreEvaluation.swift */,
			);
			path = FinalScoreEvaluation;
			sourceTree = "<group>";
		};
		E7A945712A01FD4700A37828 /* KeyWordEvaluation */ = {
			isa = PBXGroup;
			children = (
				E7A945722A01FD7500A37828 /* KeyWordAssessor.swift */,
			);
			path = KeyWordEvaluation;
			sourceTree = "<group>";
		};
/* End PBXGroup section */

/* Begin PBXNativeTarget section */
		E7101AC429FB6D6E001909DC /* Sapphire */ = {
			isa = PBXNativeTarget;
			buildConfigurationList = E7101AE929FB6D6F001909DC /* Build configuration list for PBXNativeTarget "Sapphire" */;
			buildPhases = (
				E7101AC129FB6D6E001909DC /* Sources */,
				E7101AC229FB6D6E001909DC /* Frameworks */,
				E7101AC329FB6D6E001909DC /* Resources */,
			);
			buildRules = (
			);
			dependencies = (
			);
			name = Sapphire;
			productName = Sapphire;
			productReference = E7101AC529FB6D6E001909DC /* Sapphire.app */;
			productType = "com.apple.product-type.application";
		};
		E7101AD429FB6D6F001909DC /* SapphireTests */ = {
			isa = PBXNativeTarget;
			buildConfigurationList = E7101AEC29FB6D6F001909DC /* Build configuration list for PBXNativeTarget "SapphireTests" */;
			buildPhases = (
				E7101AD129FB6D6F001909DC /* Sources */,
				E7101AD229FB6D6F001909DC /* Frameworks */,
				E7101AD329FB6D6F001909DC /* Resources */,
			);
			buildRules = (
			);
			dependencies = (
				E7101AD729FB6D6F001909DC /* PBXTargetDependency */,
			);
			name = SapphireTests;
			productName = SapphireTests;
			productReference = E7101AD529FB6D6F001909DC /* SapphireTests.xctest */;
			productType = "com.apple.product-type.bundle.unit-test";
		};
		E7101ADE29FB6D6F001909DC /* SapphireUITests */ = {
			isa = PBXNativeTarget;
			buildConfigurationList = E7101AEF29FB6D6F001909DC /* Build configuration list for PBXNativeTarget "SapphireUITests" */;
			buildPhases = (
				E7101ADB29FB6D6F001909DC /* Sources */,
				E7101ADC29FB6D6F001909DC /* Frameworks */,
				E7101ADD29FB6D6F001909DC /* Resources */,
			);
			buildRules = (
			);
			dependencies = (
				E7101AE129FB6D6F001909DC /* PBXTargetDependency */,
			);
			name = SapphireUITests;
			productName = SapphireUITests;
			productReference = E7101ADF29FB6D6F001909DC /* SapphireUITests.xctest */;
			productType = "com.apple.product-type.bundle.ui-testing";
		};
/* End PBXNativeTarget section */

/* Begin PBXProject section */
		E7101ABD29FB6D6E001909DC /* Project object */ = {
			isa = PBXProject;
			attributes = {
				BuildIndependentTargetsInParallel = 1;
				LastSwiftUpdateCheck = 1420;
				LastUpgradeCheck = 1420;
				TargetAttributes = {
					E7101AC429FB6D6E001909DC = {
						CreatedOnToolsVersion = 14.2;
					};
					E7101AD429FB6D6F001909DC = {
						CreatedOnToolsVersion = 14.2;
						TestTargetID = E7101AC429FB6D6E001909DC;
					};
					E7101ADE29FB6D6F001909DC = {
						CreatedOnToolsVersion = 14.2;
						TestTargetID = E7101AC429FB6D6E001909DC;
					};
				};
			};
			buildConfigurationList = E7101AC029FB6D6E001909DC /* Build configuration list for PBXProject "Sapphire" */;
			compatibilityVersion = "Xcode 14.0";
			developmentRegion = en;
			hasScannedForEncodings = 0;
			knownRegions = (
				en,
				Base,
			);
			mainGroup = E7101ABC29FB6D6E001909DC;
			productRefGroup = E7101AC629FB6D6E001909DC /* Products */;
			projectDirPath = "";
			projectRoot = "";
			targets = (
				E7101AC429FB6D6E001909DC /* Sapphire */,
				E7101AD429FB6D6F001909DC /* SapphireTests */,
				E7101ADE29FB6D6F001909DC /* SapphireUITests */,
			);
		};
/* End PBXProject section */

/* Begin PBXResourcesBuildPhase section */
		E7101AC329FB6D6E001909DC /* Resources */ = {
			isa = PBXResourcesBuildPhase;
			buildActionMask = 2147483647;
			files = (
				E7101AD029FB6D6F001909DC /* Preview Assets.xcassets in Resources */,
				E7101ACD29FB6D6F001909DC /* Assets.xcassets in Resources */,
			);
			runOnlyForDeploymentPostprocessing = 0;
		};
		E7101AD329FB6D6F001909DC /* Resources */ = {
			isa = PBXResourcesBuildPhase;
			buildActionMask = 2147483647;
			files = (
			);
			runOnlyForDeploymentPostprocessing = 0;
		};
		E7101ADD29FB6D6F001909DC /* Resources */ = {
			isa = PBXResourcesBuildPhase;
			buildActionMask = 2147483647;
			files = (
			);
			runOnlyForDeploymentPostprocessing = 0;
		};
/* End PBXResourcesBuildPhase section */

/* Begin PBXSourcesBuildPhase section */
		E7101AC129FB6D6E001909DC /* Sources */ = {
			isa = PBXSourcesBuildPhase;
			buildActionMask = 2147483647;
			files = (
				E7A945732A01FD7500A37828 /* KeyWordAssessor.swift in Sources */,
				E7101ACB29FB6D6E001909DC /* ContentView.swift in Sources */,
				E7101AFF29FF4EAF001909DC /* Stopwords.swift in Sources */,
				E7101AFD29FF4B10001909DC /* TFIDF.swift in Sources */,
				E72E07122A05D0C90087D2E4 /* FinalScoreEvaluation.swift in Sources */,
				E7101AF329FB6DBC001909DC /* Sapphire.swift in Sources */,
				E7101AF729FCD3EA001909DC /* Tokenization.swift in Sources */,
				E7101AF529FB6DE0001909DC /* ViewModel.swift in Sources */,
				E7101AC929FB6D6E001909DC /* SapphireApp.swift in Sources */,
			);
			runOnlyForDeploymentPostprocessing = 0;
		};
		E7101AD129FB6D6F001909DC /* Sources */ = {
			isa = PBXSourcesBuildPhase;
			buildActionMask = 2147483647;
			files = (
				E7101ADA29FB6D6F001909DC /* SapphireTests.swift in Sources */,
			);
			runOnlyForDeploymentPostprocessing = 0;
		};
		E7101ADB29FB6D6F001909DC /* Sources */ = {
			isa = PBXSourcesBuildPhase;
			buildActionMask = 2147483647;
			files = (
				E7101AE629FB6D6F001909DC /* SapphireUITestsLaunchTests.swift in Sources */,
				E7101AE429FB6D6F001909DC /* SapphireUITests.swift in Sources */,
			);
			runOnlyForDeploymentPostprocessing = 0;
		};
/* End PBXSourcesBuildPhase section */

/* Begin PBXTargetDependency section */
		E7101AD729FB6D6F001909DC /* PBXTargetDependency */ = {
			isa = PBXTargetDependency;
			target = E7101AC429FB6D6E001909DC /* Sapphire */;
			targetProxy = E7101AD629FB6D6F001909DC /* PBXContainerItemProxy */;
		};
		E7101AE129FB6D6F001909DC /* PBXTargetDependency */ = {
			isa = PBXTargetDependency;
			target = E7101AC429FB6D6E001909DC /* Sapphire */;
			targetProxy = E7101AE029FB6D6F001909DC /* PBXContainerItemProxy */;
		};
/* End PBXTargetDependency section */

/* Begin XCBuildConfiguration section */
		E7101AE729FB6D6F001909DC /* Debug */ = {
			isa = XCBuildConfiguration;
			buildSettings = {
				ALWAYS_SEARCH_USER_PATHS = NO;
				CLANG_ANALYZER_NONNULL = YES;
				CLANG_ANALYZER_NUMBER_OBJECT_CONVERSION = YES_AGGRESSIVE;
				CLANG_CXX_LANGUAGE_STANDARD = "gnu++20";
				CLANG_ENABLE_MODULES = YES;
				CLANG_ENABLE_OBJC_ARC = YES;
				CLANG_ENABLE_OBJC_WEAK = YES;
				CLANG_WARN_BLOCK_CAPTURE_AUTORELEASING = YES;
				CLANG_WARN_BOOL_CONVERSION = YES;
				CLANG_WARN_COMMA = YES;
				CLANG_WARN_CONSTANT_CONVERSION = YES;
				CLANG_WARN_DEPRECATED_OBJC_IMPLEMENTATIONS = YES;
				CLANG_WARN_DIRECT_OBJC_ISA_USAGE = YES_ERROR;
				CLANG_WARN_DOCUMENTATION_COMMENTS = YES;
				CLANG_WARN_EMPTY_BODY = YES;
				CLANG_WARN_ENUM_CONVERSION = YES;
				CLANG_WARN_INFINITE_RECURSION = YES;
				CLANG_WARN_INT_CONVERSION = YES;
				CLANG_WARN_NON_LITERAL_NULL_CONVERSION = YES;
				CLANG_WARN_OBJC_IMPLICIT_RETAIN_SELF = YES;
				CLANG_WARN_OBJC_LITERAL_CONVERSION = YES;
				CLANG_WARN_OBJC_ROOT_CLASS = YES_ERROR;
				CLANG_WARN_QUOTED_INCLUDE_IN_FRAMEWORK_HEADER = YES;
				CLANG_WARN_RANGE_LOOP_ANALYSIS = YES;
				CLANG_WARN_STRICT_PROTOTYPES = YES;
				CLANG_WARN_SUSPICIOUS_MOVE = YES;
				CLANG_WARN_UNGUARDED_AVAILABILITY = YES_AGGRESSIVE;
				CLANG_WARN_UNREACHABLE_CODE = YES;
				CLANG_WARN__DUPLICATE_METHOD_MATCH = YES;
				COPY_PHASE_STRIP = NO;
				DEBUG_INFORMATION_FORMAT = dwarf;
				ENABLE_STRICT_OBJC_MSGSEND = YES;
				ENABLE_TESTABILITY = YES;
				GCC_C_LANGUAGE_STANDARD = gnu11;
				GCC_DYNAMIC_NO_PIC = NO;
				GCC_NO_COMMON_BLOCKS = YES;
				GCC_OPTIMIZATION_LEVEL = 0;
				GCC_PREPROCESSOR_DEFINITIONS = (
					"DEBUG=1",
					"$(inherited)",
				);
				GCC_WARN_64_TO_32_BIT_CONVERSION = YES;
				GCC_WARN_ABOUT_RETURN_TYPE = YES_ERROR;
				GCC_WARN_UNDECLARED_SELECTOR = YES;
				GCC_WARN_UNINITIALIZED_AUTOS = YES_AGGRESSIVE;
				GCC_WARN_UNUSED_FUNCTION = YES;
				GCC_WARN_UNUSED_VARIABLE = YES;
				IPHONEOS_DEPLOYMENT_TARGET = 16.2;
				MTL_ENABLE_DEBUG_INFO = INCLUDE_SOURCE;
				MTL_FAST_MATH = YES;
				ONLY_ACTIVE_ARCH = YES;
				SDKROOT = iphoneos;
				SWIFT_ACTIVE_COMPILATION_CONDITIONS = DEBUG;
				SWIFT_OPTIMIZATION_LEVEL = "-Onone";
			};
			name = Debug;
		};
		E7101AE829FB6D6F001909DC /* Release */ = {
			isa = XCBuildConfiguration;
			buildSettings = {
				ALWAYS_SEARCH_USER_PATHS = NO;
				CLANG_ANALYZER_NONNULL = YES;
				CLANG_ANALYZER_NUMBER_OBJECT_CONVERSION = YES_AGGRESSIVE;
				CLANG_CXX_LANGUAGE_STANDARD = "gnu++20";
				CLANG_ENABLE_MODULES = YES;
				CLANG_ENABLE_OBJC_ARC = YES;
				CLANG_ENABLE_OBJC_WEAK = YES;
				CLANG_WARN_BLOCK_CAPTURE_AUTORELEASING = YES;
				CLANG_WARN_BOOL_CONVERSION = YES;
				CLANG_WARN_COMMA = YES;
				CLANG_WARN_CONSTANT_CONVERSION = YES;
				CLANG_WARN_DEPRECATED_OBJC_IMPLEMENTATIONS = YES;
				CLANG_WARN_DIRECT_OBJC_ISA_USAGE = YES_ERROR;
				CLANG_WARN_DOCUMENTATION_COMMENTS = YES;
				CLANG_WARN_EMPTY_BODY = YES;
				CLANG_WARN_ENUM_CONVERSION = YES;
				CLANG_WARN_INFINITE_RECURSION = YES;
				CLANG_WARN_INT_CONVERSION = YES;
				CLANG_WARN_NON_LITERAL_NULL_CONVERSION = YES;
				CLANG_WARN_OBJC_IMPLICIT_RETAIN_SELF = YES;
				CLANG_WARN_OBJC_LITERAL_CONVERSION = YES;
				CLANG_WARN_OBJC_ROOT_CLASS = YES_ERROR;
				CLANG_WARN_QUOTED_INCLUDE_IN_FRAMEWORK_HEADER = YES;
				CLANG_WARN_RANGE_LOOP_ANALYSIS = YES;
				CLANG_WARN_STRICT_PROTOTYPES = YES;
				CLANG_WARN_SUSPICIOUS_MOVE = YES;
				CLANG_WARN_UNGUARDED_AVAILABILITY = YES_AGGRESSIVE;
				CLANG_WARN_UNREACHABLE_CODE = YES;
				CLANG_WARN__DUPLICATE_METHOD_MATCH = YES;
				COPY_PHASE_STRIP = NO;
				DEBUG_INFORMATION_FORMAT = "dwarf-with-dsym";
				ENABLE_NS_ASSERTIONS = NO;
				ENABLE_STRICT_OBJC_MSGSEND = YES;
				GCC_C_LANGUAGE_STANDARD = gnu11;
				GCC_NO_COMMON_BLOCKS = YES;
				GCC_WARN_64_TO_32_BIT_CONVERSION = YES;
				GCC_WARN_ABOUT_RETURN_TYPE = YES_ERROR;
				GCC_WARN_UNDECLARED_SELECTOR = YES;
				GCC_WARN_UNINITIALIZED_AUTOS = YES_AGGRESSIVE;
				GCC_WARN_UNUSED_FUNCTION = YES;
				GCC_WARN_UNUSED_VARIABLE = YES;
				IPHONEOS_DEPLOYMENT_TARGET = 16.2;
				MTL_ENABLE_DEBUG_INFO = NO;
				MTL_FAST_MATH = YES;
				SDKROOT = iphoneos;
				SWIFT_COMPILATION_MODE = wholemodule;
				SWIFT_OPTIMIZATION_LEVEL = "-O";
				VALIDATE_PRODUCT = YES;
			};
			name = Release;
		};
		E7101AEA29FB6D6F001909DC /* Debug */ = {
			isa = XCBuildConfiguration;
			buildSettings = {
				ASSETCATALOG_COMPILER_APPICON_NAME = AppIcon;
				ASSETCATALOG_COMPILER_GLOBAL_ACCENT_COLOR_NAME = AccentColor;
				CODE_SIGN_STYLE = Automatic;
				CURRENT_PROJECT_VERSION = 1;
				DEVELOPMENT_ASSET_PATHS = "\"Sapphire/Preview Content\"";
				ENABLE_PREVIEWS = YES;
				GENERATE_INFOPLIST_FILE = YES;
				INFOPLIST_KEY_UIApplicationSceneManifest_Generation = YES;
				INFOPLIST_KEY_UIApplicationSupportsIndirectInputEvents = YES;
				INFOPLIST_KEY_UILaunchScreen_Generation = YES;
				INFOPLIST_KEY_UISupportedInterfaceOrientations_iPad = "UIInterfaceOrientationPortrait UIInterfaceOrientationPortraitUpsideDown UIInterfaceOrientationLandscapeLeft UIInterfaceOrientationLandscapeRight";
				INFOPLIST_KEY_UISupportedInterfaceOrientations_iPhone = "UIInterfaceOrientationPortrait UIInterfaceOrientationLandscapeLeft UIInterfaceOrientationLandscapeRight";
				LD_RUNPATH_SEARCH_PATHS = (
					"$(inherited)",
					"@executable_path/Frameworks",
				);
				MARKETING_VERSION = 1.0;
				PRODUCT_BUNDLE_IDENTIFIER = "srujanm-csxlabs.org.Sapphire";
				PRODUCT_NAME = "$(TARGET_NAME)";
				SWIFT_EMIT_LOC_STRINGS = YES;
				SWIFT_VERSION = 5.0;
				TARGETED_DEVICE_FAMILY = "1,2";
			};
			name = Debug;
		};
		E7101AEB29FB6D6F001909DC /* Release */ = {
			isa = XCBuildConfiguration;
			buildSettings = {
				ASSETCATALOG_COMPILER_APPICON_NAME = AppIcon;
				ASSETCATALOG_COMPILER_GLOBAL_ACCENT_COLOR_NAME = AccentColor;
				CODE_SIGN_STYLE = Automatic;
				CURRENT_PROJECT_VERSION = 1;
				DEVELOPMENT_ASSET_PATHS = "\"Sapphire/Preview Content\"";
				ENABLE_PREVIEWS = YES;
				GENERATE_INFOPLIST_FILE = YES;
				INFOPLIST_KEY_UIApplicationSceneManifest_Generation = YES;
				INFOPLIST_KEY_UIApplicationSupportsIndirectInputEvents = YES;
				INFOPLIST_KEY_UILaunchScreen_Generation = YES;
				INFOPLIST_KEY_UISupportedInterfaceOrientations_iPad = "UIInterfaceOrientationPortrait UIInterfaceOrientationPortraitUpsideDown UIInterfaceOrientationLandscapeLeft UIInterfaceOrientationLandscapeRight";
				INFOPLIST_KEY_UISupportedInterfaceOrientations_iPhone = "UIInterfaceOrientationPortrait UIInterfaceOrientationLandscapeLeft UIInterfaceOrientationLandscapeRight";
				LD_RUNPATH_SEARCH_PATHS = (
					"$(inherited)",
					"@executable_path/Frameworks",
				);
				MARKETING_VERSION = 1.0;
				PRODUCT_BUNDLE_IDENTIFIER = "srujanm-csxlabs.org.Sapphire";
				PRODUCT_NAME = "$(TARGET_NAME)";
				SWIFT_EMIT_LOC_STRINGS = YES;
				SWIFT_VERSION = 5.0;
				TARGETED_DEVICE_FAMILY = "1,2";
			};
			name = Release;
		};
		E7101AED29FB6D6F001909DC /* Debug */ = {
			isa = XCBuildConfiguration;
			buildSettings = {
				ALWAYS_EMBED_SWIFT_STANDARD_LIBRARIES = YES;
				BUNDLE_LOADER = "$(TEST_HOST)";
				CODE_SIGN_STYLE = Automatic;
				CURRENT_PROJECT_VERSION = 1;
				GENERATE_INFOPLIST_FILE = YES;
				IPHONEOS_DEPLOYMENT_TARGET = 16.2;
				MARKETING_VERSION = 1.0;
				PRODUCT_BUNDLE_IDENTIFIER = "srujanm-csxlabs.org.SapphireTests";
				PRODUCT_NAME = "$(TARGET_NAME)";
				SWIFT_EMIT_LOC_STRINGS = NO;
				SWIFT_VERSION = 5.0;
				TARGETED_DEVICE_FAMILY = "1,2";
				TEST_HOST = "$(BUILT_PRODUCTS_DIR)/Sapphire.app/$(BUNDLE_EXECUTABLE_FOLDER_PATH)/Sapphire";
			};
			name = Debug;
		};
		E7101AEE29FB6D6F001909DC /* Release */ = {
			isa = XCBuildConfiguration;
			buildSettings = {
				ALWAYS_EMBED_SWIFT_STANDARD_LIBRARIES = YES;
				BUNDLE_LOADER = "$(TEST_HOST)";
				CODE_SIGN_STYLE = Automatic;
				CURRENT_PROJECT_VERSION = 1;
				GENERATE_INFOPLIST_FILE = YES;
				IPHONEOS_DEPLOYMENT_TARGET = 16.2;
				MARKETING_VERSION = 1.0;
				PRODUCT_BUNDLE_IDENTIFIER = "srujanm-csxlabs.org.SapphireTests";
				PRODUCT_NAME = "$(TARGET_NAME)";
				SWIFT_EMIT_LOC_STRINGS = NO;
				SWIFT_VERSION = 5.0;
				TARGETED_DEVICE_FAMILY = "1,2";
				TEST_HOST = "$(BUILT_PRODUCTS_DIR)/Sapphire.app/$(BUNDLE_EXECUTABLE_FOLDER_PATH)/Sapphire";
			};
			name = Release;
		};
		E7101AF029FB6D6F001909DC /* Debug */ = {
			isa = XCBuildConfiguration;
			buildSettings = {
				ALWAYS_EMBED_SWIFT_STANDARD_LIBRARIES = YES;
				CODE_SIGN_STYLE = Automatic;
				CURRENT_PROJECT_VERSION = 1;
				GENERATE_INFOPLIST_FILE = YES;
				MARKETING_VERSION = 1.0;
				PRODUCT_BUNDLE_IDENTIFIER = "srujanm-csxlabs.org.SapphireUITests";
				PRODUCT_NAME = "$(TARGET_NAME)";
				SWIFT_EMIT_LOC_STRINGS = NO;
				SWIFT_VERSION = 5.0;
				TARGETED_DEVICE_FAMILY = "1,2";
				TEST_TARGET_NAME = Sapphire;
			};
			name = Debug;
		};
		E7101AF129FB6D6F001909DC /* Release */ = {
			isa = XCBuildConfiguration;
			buildSettings = {
				ALWAYS_EMBED_SWIFT_STANDARD_LIBRARIES = YES;
				CODE_SIGN_STYLE = Automatic;
				CURRENT_PROJECT_VERSION = 1;
				GENERATE_INFOPLIST_FILE = YES;
				MARKETING_VERSION = 1.0;
				PRODUCT_BUNDLE_IDENTIFIER = "srujanm-csxlabs.org.SapphireUITests";
				PRODUCT_NAME = "$(TARGET_NAME)";
				SWIFT_EMIT_LOC_STRINGS = NO;
				SWIFT_VERSION = 5.0;
				TARGETED_DEVICE_FAMILY = "1,2";
				TEST_TARGET_NAME = Sapphire;
			};
			name = Release;
		};
/* End XCBuildConfiguration section */

/* Begin XCConfigurationList section */
		E7101AC029FB6D6E001909DC /* Build configuration list for PBXProject "Sapphire" */ = {
			isa = XCConfigurationList;
			buildConfigurations = (
				E7101AE729FB6D6F001909DC /* Debug */,
				E7101AE829FB6D6F001909DC /* Release */,
			);
			defaultConfigurationIsVisible = 0;
			defaultConfigurationName = Release;
		};
		E7101AE929FB6D6F001909DC /* Build configuration list for PBXNativeTarget "Sapphire" */ = {
			isa = XCConfigurationList;
			buildConfigurations = (
				E7101AEA29FB6D6F001909DC /* Debug */,
				E7101AEB29FB6D6F001909DC /* Release */,
			);
			defaultConfigurationIsVisible = 0;
			defaultConfigurationName = Release;
		};
		E7101AEC29FB6D6F001909DC /* Build configuration list for PBXNativeTarget "SapphireTests" */ = {
			isa = XCConfigurationList;
			buildConfigurations = (
				E7101AED29FB6D6F001909DC /* Debug */,
				E7101AEE29FB6D6F001909DC /* Release */,
			);
			defaultConfigurationIsVisible = 0;
			defaultConfigurationName = Release;
		};
		E7101AEF29FB6D6F001909DC /* Build configuration list for PBXNativeTarget "SapphireUITests" */ = {
			isa = XCConfigurationList;
			buildConfigurations = (
				E7101AF029FB6D6F001909DC /* Debug */,
				E7101AF129FB6D6F001909DC /* Release */,
			);
			defaultConfigurationIsVisible = 0;
			defaultConfigurationName = Release;
		};
/* End XCConfigurationList section */
	};
	rootObject = E7101ABD29FB6D6E001909DC /* Project object */;
}
